// !$*UTF8*$!
{
	archiveVersion = 1;
	classes = {
	};
	objectVersion = 46;
	objects = {

/* Begin PBXBuildFile section */
		DDF8CC7F1B367CA000F4ED0F /* main.m in Sources */ = {isa = PBXBuildFile; fileRef = DDF8CC7E1B367CA000F4ED0F /* main.m */; };
		DDF8CC821B367CA000F4ED0F /* AppDelegate.m in Sources */ = {isa = PBXBuildFile; fileRef = DDF8CC811B367CA000F4ED0F /* AppDelegate.m */; };
		DDF8CC851B367CA000F4ED0F /* ViewController.m in Sources */ = {isa = PBXBuildFile; fileRef = DDF8CC841B367CA000F4ED0F /* ViewController.m */; };
		DDF8CC881B367CA000F4ED0F /* Main.storyboard in Resources */ = {isa = PBXBuildFile; fileRef = DDF8CC861B367CA000F4ED0F /* Main.storyboard */; };
		DDF8CC8A1B367CA100F4ED0F /* Images.xcassets in Resources */ = {isa = PBXBuildFile; fileRef = DDF8CC891B367CA100F4ED0F /* Images.xcassets */; };
		DDF8CC8D1B367CA100F4ED0F /* LaunchScreen.xib in Resources */ = {isa = PBXBuildFile; fileRef = DDF8CC8B1B367CA100F4ED0F /* LaunchScreen.xib */; };
		DDF8CC991B367CA100F4ED0F /* AlcolatorTests.m in Sources */ = {isa = PBXBuildFile; fileRef = DDF8CC981B367CA100F4ED0F /* AlcolatorTests.m */; };
/* End PBXBuildFile section */

/* Begin PBXContainerItemProxy section */
		DDF8CC931B367CA100F4ED0F /* PBXContainerItemProxy */ = {
			isa = PBXContainerItemProxy;
			containerPortal = DDF8CC711B367CA000F4ED0F /* Project object */;
			proxyType = 1;
			remoteGlobalIDString = DDF8CC781B367CA000F4ED0F;
			remoteInfo = Alcolator;
		};
/* End PBXContainerItemProxy section */

/* Begin PBXFileReference section */
		DDF8CC791B367CA000F4ED0F /* Alcolator.app */ = {isa = PBXFileReference; explicitFileType = wrapper.application; includeInIndex = 0; path = Alcolator.app; sourceTree = BUILT_PRODUCTS_DIR; };
		DDF8CC7D1B367CA000F4ED0F /* Info.plist */ = {isa = PBXFileReference; lastKnownFileType = text.plist.xml; path = Info.plist; sourceTree = "<group>"; };
		DDF8CC7E1B367CA000F4ED0F /* main.m */ = {isa = PBXFileReference; lastKnownFileType = sourcecode.c.objc; path = main.m; sourceTree = "<group>"; };
		DDF8CC801B367CA000F4ED0F /* AppDelegate.h */ = {isa = PBXFileReference; lastKnownFileType = sourcecode.c.h; path = AppDelegate.h; sourceTree = "<group>"; };
		DDF8CC811B367CA000F4ED0F /* AppDelegate.m */ = {isa = PBXFileReference; lastKnownFileType = sourcecode.c.objc; path = AppDelegate.m; sourceTree = "<group>"; };
		DDF8CC831B367CA000F4ED0F /* ViewController.h */ = {isa = PBXFileReference; lastKnownFileType = sourcecode.c.h; path = ViewController.h; sourceTree = "<group>"; };
		DDF8CC841B367CA000F4ED0F /* ViewController.m */ = {isa = PBXFileReference; lastKnownFileType = sourcecode.c.objc; path = ViewController.m; sourceTree = "<group>"; };
		DDF8CC871B367CA000F4ED0F /* Base */ = {isa = PBXFileReference; lastKnownFileType = file.storyboard; name = Base; path = Base.lproj/Main.storyboard; sourceTree = "<group>"; };
		DDF8CC891B367CA100F4ED0F /* Images.xcassets */ = {isa = PBXFileReference; lastKnownFileType = folder.assetcatalog; path = Images.xcassets; sourceTree = "<group>"; };
		DDF8CC8C1B367CA100F4ED0F /* Base */ = {isa = PBXFileReference; lastKnownFileType = file.xib; name = Base; path = Base.lproj/LaunchScreen.xib; sourceTree = "<group>"; };
		DDF8CC921B367CA100F4ED0F /* AlcolatorTests.xctest */ = {isa = PBXFileReference; explicitFileType = wrapper.cfbundle; includeInIndex = 0; path = AlcolatorTests.xctest; sourceTree = BUILT_PRODUCTS_DIR; };
		DDF8CC971B367CA100F4ED0F /* Info.plist */ = {isa = PBXFileReference; lastKnownFileType = text.plist.xml; path = Info.plist; sourceTree = "<group>"; };
		DDF8CC981B367CA100F4ED0F /* AlcolatorTests.m */ = {isa = PBXFileReference; lastKnownFileType = sourcecode.c.objc; path = AlcolatorTests.m; sourceTree = "<group>"; };
/* End PBXFileReference section */

/* Begin PBXFrameworksBuildPhase section */
		DDF8CC761B367CA000F4ED0F /* Frameworks */ = {
			isa = PBXFrameworksBuildPhase;
			buildActionMask = 2147483647;
			files = (
			);
			runOnlyForDeploymentPostprocessing = 0;
		};
		DDF8CC8F1B367CA100F4ED0F /* Frameworks */ = {
			isa = PBXFrameworksBuildPhase;
			buildActionMask = 2147483647;
			files = (
			);
			runOnlyForDeploymentPostprocessing = 0;
		};
/* End PBXFrameworksBuildPhase section */

/* Begin PBXGroup section */
		DDF8CC701B367CA000F4ED0F = {
			isa = PBXGroup;
			children = (
				DDF8CC7B1B367CA000F4ED0F /* Alcolator */,
				DDF8CC951B367CA100F4ED0F /* AlcolatorTests */,
				DDF8CC7A1B367CA000F4ED0F /* Products */,
			);
			sourceTree = "<group>";
		};
		DDF8CC7A1B367CA000F4ED0F /* Products */ = {
			isa = PBXGroup;
			children = (
				DDF8CC791B367CA000F4ED0F /* Alcolator.app */,
				DDF8CC921B367CA100F4ED0F /* AlcolatorTests.xctest */,
			);
			name = Products;
			sourceTree = "<group>";
		};
		DDF8CC7B1B367CA000F4ED0F /* Alcolator */ = {
			isa = PBXGroup;
			children = (
				DDF8CC801B367CA000F4ED0F /* AppDelegate.h */,
				DDF8CC811B367CA000F4ED0F /* AppDelegate.m */,
				DDF8CC831B367CA000F4ED0F /* ViewController.h */,
				DDF8CC841B367CA000F4ED0F /* ViewController.m */,
				DDF8CC861B367CA000F4ED0F /* Main.storyboard */,
				DDF8CC891B367CA100F4ED0F /* Images.xcassets */,
				DDF8CC8B1B367CA100F4ED0F /* LaunchScreen.xib */,
				DDF8CC7C1B367CA000F4ED0F /* Supporting Files */,
			);
			path = Alcolator;
			sourceTree = "<group>";
		};
		DDF8CC7C1B367CA000F4ED0F /* Supporting Files */ = {
			isa = PBXGroup;
			children = (
				DDF8CC7D1B367CA000F4ED0F /* Info.plist */,
				DDF8CC7E1B367CA000F4ED0F /* main.m */,
			);
			name = "Supporting Files";
			sourceTree = "<group>";
		};
		DDF8CC951B367CA100F4ED0F /* AlcolatorTests */ = {
			isa = PBXGroup;
			children = (
				DDF8CC981B367CA100F4ED0F /* AlcolatorTests.m */,
				DDF8CC961B367CA100F4ED0F /* Supporting Files */,
			);
			path = AlcolatorTests;
			sourceTree = "<group>";
		};
		DDF8CC961B367CA100F4ED0F /* Supporting Files */ = {
			isa = PBXGroup;
			children = (
				DDF8CC971B367CA100F4ED0F /* Info.plist */,
			);
			name = "Supporting Files";
			sourceTree = "<group>";
		};
/* End PBXGroup section */

/* Begin PBXNativeTarget section */
		DDF8CC781B367CA000F4ED0F /* Alcolator */ = {
			isa = PBXNativeTarget;
			buildConfigurationList = DDF8CC9C1B367CA100F4ED0F /* Build configuration list for PBXNativeTarget "Alcolator" */;
			buildPhases = (
				DDF8CC751B367CA000F4ED0F /* Sources */,
				DDF8CC761B367CA000F4ED0F /* Frameworks */,
				DDF8CC771B367CA000F4ED0F /* Resources */,
			);
			buildRules = (
			);
			dependencies = (
			);
			name = Alcolator;
			productName = Alcolator;
			productReference = DDF8CC791B367CA000F4ED0F /* Alcolator.app */;
			productType = "com.apple.product-type.application";
		};
		DDF8CC911B367CA100F4ED0F /* AlcolatorTests */ = {
			isa = PBXNativeTarget;
			buildConfigurationList = DDF8CC9F1B367CA100F4ED0F /* Build configuration list for PBXNativeTarget "AlcolatorTests" */;
			buildPhases = (
				DDF8CC8E1B367CA100F4ED0F /* Sources */,
				DDF8CC8F1B367CA100F4ED0F /* Frameworks */,
				DDF8CC901B367CA100F4ED0F /* Resources */,
			);
			buildRules = (
			);
			dependencies = (
				DDF8CC941B367CA100F4ED0F /* PBXTargetDependency */,
			);
			name = AlcolatorTests;
			productName = AlcolatorTests;
			productReference = DDF8CC921B367CA100F4ED0F /* AlcolatorTests.xctest */;
			productType = "com.apple.product-type.bundle.unit-test";
		};
/* End PBXNativeTarget section */

/* Begin PBXProject section */
		DDF8CC711B367CA000F4ED0F /* Project object */ = {
			isa = PBXProject;
			attributes = {
				LastUpgradeCheck = 0630;
				ORGANIZATIONNAME = Bloc;
				TargetAttributes = {
					DDF8CC781B367CA000F4ED0F = {
						CreatedOnToolsVersion = 6.3.2;
					};
					DDF8CC911B367CA100F4ED0F = {
						CreatedOnToolsVersion = 6.3.2;
						TestTargetID = DDF8CC781B367CA000F4ED0F;
					};
				};
			};
			buildConfigurationList = DDF8CC741B367CA000F4ED0F /* Build configuration list for PBXProject "Alcolator" */;
			compatibilityVersion = "Xcode 3.2";
			developmentRegion = English;
			hasScannedForEncodings = 0;
			knownRegions = (
				en,
				Base,
			);
			mainGroup = DDF8CC701B367CA000F4ED0F;
			productRefGroup = DDF8CC7A1B367CA000F4ED0F /* Products */;
			projectDirPath = "";
			projectRoot = "";
			targets = (
				DDF8CC781B367CA000F4ED0F /* Alcolator */,
				DDF8CC911B367CA100F4ED0F /* AlcolatorTests */,
			);
		};
/* End PBXProject section */

/* Begin PBXResourcesBuildPhase section */
		DDF8CC771B367CA000F4ED0F /* Resources */ = {
			isa = PBXResourcesBuildPhase;
			buildActionMask = 2147483647;
			files = (
				DDF8CC881B367CA000F4ED0F /* Main.storyboard in Resources */,
				DDF8CC8D1B367CA100F4ED0F /* LaunchScreen.xib in Resources */,
				DDF8CC8A1B367CA100F4ED0F /* Images.xcassets in Resources */,
			);
			runOnlyForDeploymentPostprocessing = 0;
		};
		DDF8CC901B367CA100F4ED0F /* Resources */ = {
			isa = PBXResourcesBuildPhase;
			buildActionMask = 2147483647;
			files = (
			);
			runOnlyForDeploymentPostprocessing = 0;
		};
/* End PBXResourcesBuildPhase section */

/* Begin PBXSourcesBuildPhase section */
		DDF8CC751B367CA000F4ED0F /* Sources */ = {
			isa = PBXSourcesBuildPhase;
			buildActionMask = 2147483647;
			files = (
				DDF8CC851B367CA000F4ED0F /* ViewController.m in Sources */,
				DDF8CC821B367CA000F4ED0F /* AppDelegate.m in Sources */,
				DDF8CC7F1B367CA000F4ED0F /* main.m in Sources */,
			);
			runOnlyForDeploymentPostprocessing = 0;
		};
		DDF8CC8E1B367CA100F4ED0F /* Sources */ = {
			isa = PBXSourcesBuildPhase;
			buildActionMask = 2147483647;
			files = (
				DDF8CC991B367CA100F4ED0F /* AlcolatorTests.m in Sources */,
			);
			runOnlyForDeploymentPostprocessing = 0;
		};
/* End PBXSourcesBuildPhase section */

/* Begin PBXTargetDependency section */
		DDF8CC941B367CA100F4ED0F /* PBXTargetDependency */ = {
			isa = PBXTargetDependency;
			target = DDF8CC781B367CA000F4ED0F /* Alcolator */;
			targetProxy = DDF8CC931B367CA100F4ED0F /* PBXContainerItemProxy */;
		};
/* End PBXTargetDependency section */

/* Begin PBXVariantGroup section */
		DDF8CC861B367CA000F4ED0F /* Main.storyboard */ = {
			isa = PBXVariantGroup;
			children = (
				DDF8CC871B367CA000F4ED0F /* Base */,
			);
			name = Main.storyboard;
			sourceTree = "<group>";
		};
		DDF8CC8B1B367CA100F4ED0F /* LaunchScreen.xib */ = {
			isa = PBXVariantGroup;
			children = (
				DDF8CC8C1B367CA100F4ED0F /* Base */,
			);
			name = LaunchScreen.xib;
			sourceTree = "<group>";
		};
/* End PBXVariantGroup section */

/* Begin XCBuildConfiguration section */
		DDF8CC9A1B367CA100F4ED0F /* Debug */ = {
			isa = XCBuildConfiguration;
			buildSettings = {
				ALWAYS_SEARCH_USER_PATHS = NO;
				CLANG_CXX_LANGUAGE_STANDARD = "gnu++0x";
				CLANG_CXX_LIBRARY = "libc++";
				CLANG_ENABLE_MODULES = YES;
				CLANG_ENABLE_OBJC_ARC = YES;
				CLANG_WARN_BOOL_CONVERSION = YES;
				CLANG_WARN_CONSTANT_CONVERSION = YES;
				CLANG_WARN_DIRECT_OBJC_ISA_USAGE = YES_ERROR;
				CLANG_WARN_EMPTY_BODY = YES;
				CLANG_WARN_ENUM_CONVERSION = YES;
				CLANG_WARN_INT_CONVERSION = YES;
				CLANG_WARN_OBJC_ROOT_CLASS = YES_ERROR;
				CLANG_WARN_UNREACHABLE_CODE = YES;
				CLANG_WARN__DUPLICATE_METHOD_MATCH = YES;
				"CODE_SIGN_IDENTITY[sdk=iphoneos*]" = "iPhone Developer";
				COPY_PHASE_STRIP = NO;
				DEBUG_INFORMATION_FORMAT = "dwarf-with-dsym";
				ENABLE_STRICT_OBJC_MSGSEND = YES;
				GCC_C_LANGUAGE_STANDARD = gnu99;
				GCC_DYNAMIC_NO_PIC = NO;
				GCC_NO_COMMON_BLOCKS = YES;
				GCC_OPTIMIZATION_LEVEL = 0;
				GCC_PREPROCESSOR_DEFINITIONS = (
					"DEBUG=1",
					"$(inherited)",
				);
				GCC_SYMBOLS_PRIVATE_EXTERN = NO;
				GCC_WARN_64_TO_32_BIT_CONVERSION = YES;
				GCC_WARN_ABOUT_RETURN_TYPE = YES_ERROR;
				GCC_WARN_UNDECLARED_SELECTOR = YES;
				GCC_WARN_UNINITIALIZED_AUTOS = YES_AGGRESSIVE;
				GCC_WARN_UNUSED_FUNCTION = YES;
				GCC_WARN_UNUSED_VARIABLE = YES;
				IPHONEOS_DEPLOYMENT_TARGET = 8.3;
				MTL_ENABLE_DEBUG_INFO = YES;
				ONLY_ACTIVE_ARCH = YES;
				SDKROOT = iphoneos;
				TARGETED_DEVICE_FAMILY = "1,2";
			};
			name = Debug;
		};
		DDF8CC9B1B367CA100F4ED0F /* Release */ = {
			isa = XCBuildConfiguration;
			buildSettings = {
				ALWAYS_SEARCH_USER_PATHS = NO;
				CLANG_CXX_LANGUAGE_STANDARD = "gnu++0x";
				CLANG_CXX_LIBRARY = "libc++";
				CLANG_ENABLE_MODULES = YES;
				CLANG_ENABLE_OBJC_ARC = YES;
				CLANG_WARN_BOOL_CONVERSION = YES;
				CLANG_WARN_CONSTANT_CONVERSION = YES;
				CLANG_WARN_DIRECT_OBJC_ISA_USAGE = YES_ERROR;
				CLANG_WARN_EMPTY_BODY = YES;
				CLANG_WARN_ENUM_CONVERSION = YES;
				CLANG_WARN_INT_CONVERSION = YES;
				CLANG_WARN_OBJC_ROOT_CLASS = YES_ERROR;
				CLANG_WARN_UNREACHABLE_CODE = YES;
				CLANG_WARN__DUPLICATE_METHOD_MATCH = YES;
				"CODE_SIGN_IDENTITY[sdk=iphoneos*]" = "iPhone Developer";
				COPY_PHASE_STRIP = NO;
				DEBUG_INFORMATION_FORMAT = "dwarf-with-dsym";
				ENABLE_NS_ASSERTIONS = NO;
				ENABLE_STRICT_OBJC_MSGSEND = YES;
				GCC_C_LANGUAGE_STANDARD = gnu99;
				GCC_NO_COMMON_BLOCKS = YES;
				GCC_WARN_64_TO_32_BIT_CONVERSION = YES;
				GCC_WARN_ABOUT_RETURN_TYPE = YES_ERROR;
				GCC_WARN_UNDECLARED_SELECTOR = YES;
				GCC_WARN_UNINITIALIZED_AUTOS = YES_AGGRESSIVE;
				GCC_WARN_UNUSED_FUNCTION = YES;
				GCC_WARN_UNUSED_VARIABLE = YES;
				IPHONEOS_DEPLOYMENT_TARGET = 8.3;
				MTL_ENABLE_DEBUG_INFO = NO;
				SDKROOT = iphoneos;
				TARGETED_DEVICE_FAMILY = "1,2";
				VALIDATE_PRODUCT = YES;
			};
			name = Release;
		};
		DDF8CC9D1B367CA100F4ED0F /* Debug */ = {
			isa = XCBuildConfiguration;
			buildSettings = {
				ASSETCATALOG_COMPILER_APPICON_NAME = AppIcon;
				INFOPLIST_FILE = Alcolator/Info.plist;
				LD_RUNPATH_SEARCH_PATHS = "$(inherited) @executable_path/Frameworks";
				PRODUCT_NAME = "$(TARGET_NAME)";
			};
			name = Debug;
		};
		DDF8CC9E1B367CA100F4ED0F /* Release */ = {
			isa = XCBuildConfiguration;
			buildSettings = {
				ASSETCATALOG_COMPILER_APPICON_NAME = AppIcon;
				INFOPLIST_FILE = Alcolator/Info.plist;
				LD_RUNPATH_SEARCH_PATHS = "$(inherited) @executable_path/Frameworks";
				PRODUCT_NAME = "$(TARGET_NAME)";
			};
			name = Release;
		};
		DDF8CCA01B367CA100F4ED0F /* Debug */ = {
			isa = XCBuildConfiguration;
			buildSettings = {
				BUNDLE_LOADER = "$(TEST_HOST)";
				FRAMEWORK_SEARCH_PATHS = (
					"$(SDKROOT)/Developer/Library/Frameworks",
					"$(inherited)",
				);
				GCC_PREPROCESSOR_DEFINITIONS = (
					"DEBUG=1",
					"$(inherited)",
				);
				INFOPLIST_FILE = AlcolatorTests/Info.plist;
				LD_RUNPATH_SEARCH_PATHS = "$(inherited) @executable_path/Frameworks @loader_path/Frameworks";
				PRODUCT_NAME = "$(TARGET_NAME)";
				TEST_HOST = "$(BUILT_PRODUCTS_DIR)/Alcolator.app/Alcolator";
			};
			name = Debug;
		};
		DDF8CCA11B367CA100F4ED0F /* Release */ = {
			isa = XCBuildConfiguration;
			buildSettings = {
				BUNDLE_LOADER = "$(TEST_HOST)";
				FRAMEWORK_SEARCH_PATHS = (
					"$(SDKROOT)/Developer/Library/Frameworks",
					"$(inherited)",
				);
				INFOPLIST_FILE = AlcolatorTests/Info.plist;
				LD_RUNPATH_SEARCH_PATHS = "$(inherited) @executable_path/Frameworks @loader_path/Frameworks";
				PRODUCT_NAME = "$(TARGET_NAME)";
				TEST_HOST = "$(BUILT_PRODUCTS_DIR)/Alcolator.app/Alcolator";
			};
			name = Release;
		};
/* End XCBuildConfiguration section */

/* Begin XCConfigurationList section */
		DDF8CC741B367CA000F4ED0F /* Build configuration list for PBXProject "Alcolator" */ = {
			isa = XCConfigurationList;
			buildConfigurations = (
				DDF8CC9A1B367CA100F4ED0F /* Debug */,
				DDF8CC9B1B367CA100F4ED0F /* Release */,
			);
			defaultConfigurationIsVisible = 0;
			defaultConfigurationName = Release;
		};
		DDF8CC9C1B367CA100F4ED0F /* Build configuration list for PBXNativeTarget "Alcolator" */ = {
			isa = XCConfigurationList;
			buildConfigurations = (
				DDF8CC9D1B367CA100F4ED0F /* Debug */,
				DDF8CC9E1B367CA100F4ED0F /* Release */,
			);
			defaultConfigurationIsVisible = 0;
		};
		DDF8CC9F1B367CA100F4ED0F /* Build configuration list for PBXNativeTarget "AlcolatorTests" */ = {
			isa = XCConfigurationList;
			buildConfigurations = (
				DDF8CCA01B367CA100F4ED0F /* Debug */,
				DDF8CCA11B367CA100F4ED0F /* Release */,
			);
			defaultConfigurationIsVisible = 0;
		};
/* End XCConfigurationList section */
	};
	rootObject = DDF8CC711B367CA000F4ED0F /* Project object */;
}
